
Microsoft Visual Studio Solution File, Format Version 12.00
# Visual Studio Version 16
VisualStudioVersion = 16.0.33801.447
MinimumVisualStudioVersion = 10.0.40219.1
Project("{FAE04EC0-301F-11D3-BF4B-00C04F79EFBC}") = "Maliyet_Test", "Maliyet_Test\Maliyet_Test.csproj", "{AA15D7B7-F541-4E1F-BA02-FE0AC302A556}"
EndProject
Global
	GlobalSection(SolutionConfigurationPlatforms) = preSolution
		Debug|Any CPU = Debug|Any CPU
		Release|Any CPU = Release|Any CPU
	EndGlobalSection
	GlobalSection(ProjectConfigurationPlatforms) = postSolution
		{AA15D7B7-F541-4E1F-BA02-FE0AC302A556}.Debug|Any CPU.ActiveCfg = Debug|Any CPU
		{AA15D7B7-F541-4E1F-BA02-FE0AC302A556}.Debug|Any CPU.Build.0 = Debug|Any CPU
		{AA15D7B7-F541-4E1F-BA02-FE0AC302A556}.Release|Any CPU.ActiveCfg = Release|Any CPU
		{AA15D7B7-F541-4E1F-BA02-FE0AC302A556}.Release|Any CPU.Build.0 = Release|Any CPU
	EndGlobalSection
	GlobalSection(SolutionProperties) = preSolution
		HideSolutionNode = FALSE
	EndGlobalSection
	GlobalSection(ExtensibilityGlobals) = postSolution
		SolutionGuid = {5C8BAF30-D932-4275-A66C-85F489C38F03}
	EndGlobalSection
EndGlobal
